
Microsoft Visual Studio Solution File, Format Version 12.00
# Visual Studio Version 17
VisualStudioVersion = 17.5.33530.505
MinimumVisualStudioVersion = 10.0.40219.1
Project("{9A19103F-16F7-4668-BE54-9A1E7A4F7556}") = "WebTennisFieldReservation", "WebTennisFieldReservation\WebTennisFieldReservation.csproj", "{F8BA9EED-D174-4173-84A8-BD128063A560}"
EndProject
Project("{9A19103F-16F7-4668-BE54-9A1E7A4F7556}") = "SmtpLibrary", "..\WebRazorPagesTest\SmtpLibrary\SmtpLibrary.csproj", "{3199A800-9ABA-4213-B71D-65E045A61EC9}"
EndProject
Global
	GlobalSection(SolutionConfigurationPlatforms) = preSolution
		Debug|Any CPU = Debug|Any CPU
		Release|Any CPU = Release|Any CPU
	EndGlobalSection
	GlobalSection(ProjectConfigurationPlatforms) = postSolution
		{F8BA9EED-D174-4173-84A8-BD128063A560}.Debug|Any CPU.ActiveCfg = Debug|Any CPU
		{F8BA9EED-D174-4173-84A8-BD128063A560}.Debug|Any CPU.Build.0 = Debug|Any CPU
		{F8BA9EED-D174-4173-84A8-BD128063A560}.Release|Any CPU.ActiveCfg = Release|Any CPU
		{F8BA9EED-D174-4173-84A8-BD128063A560}.Release|Any CPU.Build.0 = Release|Any CPU
		{3199A800-9ABA-4213-B71D-65E045A61EC9}.Debug|Any CPU.ActiveCfg = Debug|Any CPU
		{3199A800-9ABA-4213-B71D-65E045A61EC9}.Debug|Any CPU.Build.0 = Debug|Any CPU
		{3199A800-9ABA-4213-B71D-65E045A61EC9}.Release|Any CPU.ActiveCfg = Release|Any CPU
		{3199A800-9ABA-4213-B71D-65E045A61EC9}.Release|Any CPU.Build.0 = Release|Any CPU
	EndGlobalSection
	GlobalSection(SolutionProperties) = preSolution
		HideSolutionNode = FALSE
	EndGlobalSection
	GlobalSection(ExtensibilityGlobals) = postSolution
		SolutionGuid = {AB9AE3AC-F014-4C71-94E4-5309AC81A5A6}
	EndGlobalSection
EndGlobal
